PODS:
  - Alamofire (4.5.1)
  - Kingfisher (4.3.1)
  - KissXML (5.2.0)
  - NVActivityIndicatorView (4.0.0):
    - NVActivityIndicatorView/Presenter (= 4.0.0)
  - NVActivityIndicatorView/Presenter (4.0.0)
  - R.swift (4.0.0):
    - R.swift.Library (~> 4.0.0)
  - R.swift.Library (4.0.0)
  - Realm (3.0.2):
    - Realm/Headers (= 3.0.2)
  - Realm/Headers (3.0.2)
  - RealmSwift (3.0.2):
    - Realm (= 3.0.2)
  - RxSwift (4.0.0)
  - SwiftyJSON (4.0.0)

DEPENDENCIES:
  - Alamofire
  - Kingfisher
  - KissXML
  - NVActivityIndicatorView
  - R.swift
  - RealmSwift
  - RxSwift
  - SwiftyJSON

SPEC CHECKSUMS:
  Alamofire: 2d95912bf4c34f164fdfc335872e8c312acaea4a
  Kingfisher: 75541c4b62f02e1fde6f9772303de3d9ebe8f5b3
  KissXML: 1c1eeeb6b94e4522cd2f2373e5d0d03c9227738f
  NVActivityIndicatorView: 54c9b93b6f25a4f467512680c0c90c09a1095cf2
  R.swift: d6a5ec2f55a8441dc0ed9f1f8b37d7d11ae85c66
  R.swift.Library: c3af34921024333546e23b70e70d0b4e0cffca75
  Realm: 6f23fd1f178a09342eac21bfa7c2bf4312a7a180
  RealmSwift: 695393add1b8f9d5fa75dd16e6355cf3935f71e2
  RxSwift: fd680d75283beb5e2559486f3c0ff852f0d35334
  SwiftyJSON: 070dabdcb1beb81b247c65ffa3a79dbbfb3b48aa

PODFILE CHECKSUM: f5b2434104850df9eac32b2037ebe8896c640213

COCOAPODS: 1.4.0.beta.2
